// !$*UTF8*$!
{
	archiveVersion = 1;
	classes = {
	};
	objectVersion = 46;
	objects = {

/* Begin PBXBuildFile section */
		05DD7ADE1BF7BF5800EDEE82 /* AppDelegate.swift in Sources */ = {isa = PBXBuildFile; fileRef = 05DD7ADD1BF7BF5800EDEE82 /* AppDelegate.swift */; };
		05DD7AE01BF7BF5800EDEE82 /* ViewController.swift in Sources */ = {isa = PBXBuildFile; fileRef = 05DD7ADF1BF7BF5800EDEE82 /* ViewController.swift */; };
		05DD7AE31BF7BF5800EDEE82 /* Main.storyboard in Resources */ = {isa = PBXBuildFile; fileRef = 05DD7AE11BF7BF5800EDEE82 /* Main.storyboard */; };
		05DD7AE51BF7BF5800EDEE82 /* Assets.xcassets in Resources */ = {isa = PBXBuildFile; fileRef = 05DD7AE41BF7BF5800EDEE82 /* Assets.xcassets */; };
		05DD7AE81BF7BF5800EDEE82 /* LaunchScreen.storyboard in Resources */ = {isa = PBXBuildFile; fileRef = 05DD7AE61BF7BF5800EDEE82 /* LaunchScreen.storyboard */; };
		05DD7AF31BF7BF5800EDEE82 /* simple_helloTests.swift in Sources */ = {isa = PBXBuildFile; fileRef = 05DD7AF21BF7BF5800EDEE82 /* simple_helloTests.swift */; };
		05DD7AFE1BF7BF5800EDEE82 /* simple_helloUITests.swift in Sources */ = {isa = PBXBuildFile; fileRef = 05DD7AFD1BF7BF5800EDEE82 /* simple_helloUITests.swift */; };
/* End PBXBuildFile section */

/* Begin PBXContainerItemProxy section */
		05DD7AEF1BF7BF5800EDEE82 /* PBXContainerItemProxy */ = {
			isa = PBXContainerItemProxy;
			containerPortal = 05DD7AD21BF7BF5800EDEE82 /* Project object */;
			proxyType = 1;
			remoteGlobalIDString = 05DD7AD91BF7BF5800EDEE82;
			remoteInfo = "simple hello";
		};
		05DD7AFA1BF7BF5800EDEE82 /* PBXContainerItemProxy */ = {
			isa = PBXContainerItemProxy;
			containerPortal = 05DD7AD21BF7BF5800EDEE82 /* Project object */;
			proxyType = 1;
			remoteGlobalIDString = 05DD7AD91BF7BF5800EDEE82;
			remoteInfo = "simple hello";
		};
/* End PBXContainerItemProxy section */

/* Begin PBXFileReference section */
		0599CF521BFDDA4A00386894 /* Base */ = {isa = PBXFileReference; lastKnownFileType = file.storyboard; name = Base; path = Base.lproj/Main.storyboard; sourceTree = "<group>"; };
		0599CF541BFDDACE00386894 /* en */ = {isa = PBXFileReference; lastKnownFileType = text.plist.strings; name = en; path = en.lproj/Main.strings; sourceTree = "<group>"; };
		05DD7ADA1BF7BF5800EDEE82 /* simple hello.app */ = {isa = PBXFileReference; explicitFileType = wrapper.application; includeInIndex = 0; path = "simple hello.app"; sourceTree = BUILT_PRODUCTS_DIR; };
		05DD7ADD1BF7BF5800EDEE82 /* AppDelegate.swift */ = {isa = PBXFileReference; lastKnownFileType = sourcecode.swift; path = AppDelegate.swift; sourceTree = "<group>"; };
		05DD7ADF1BF7BF5800EDEE82 /* ViewController.swift */ = {isa = PBXFileReference; lastKnownFileType = sourcecode.swift; path = ViewController.swift; sourceTree = "<group>"; };
		05DD7AE41BF7BF5800EDEE82 /* Assets.xcassets */ = {isa = PBXFileReference; lastKnownFileType = folder.assetcatalog; path = Assets.xcassets; sourceTree = "<group>"; };
		05DD7AE71BF7BF5800EDEE82 /* Base */ = {isa = PBXFileReference; lastKnownFileType = file.storyboard; name = Base; path = Base.lproj/LaunchScreen.storyboard; sourceTree = "<group>"; };
		05DD7AE91BF7BF5800EDEE82 /* Info.plist */ = {isa = PBXFileReference; lastKnownFileType = text.plist.xml; path = Info.plist; sourceTree = "<group>"; };
		05DD7AEE1BF7BF5800EDEE82 /* simple helloTests.xctest */ = {isa = PBXFileReference; explicitFileType = wrapper.cfbundle; includeInIndex = 0; path = "simple helloTests.xctest"; sourceTree = BUILT_PRODUCTS_DIR; };
		05DD7AF21BF7BF5800EDEE82 /* simple_helloTests.swift */ = {isa = PBXFileReference; lastKnownFileType = sourcecode.swift; path = simple_helloTests.swift; sourceTree = "<group>"; };
		05DD7AF41BF7BF5800EDEE82 /* Info.plist */ = {isa = PBXFileReference; lastKnownFileType = text.plist.xml; path = Info.plist; sourceTree = "<group>"; };
		05DD7AF91BF7BF5800EDEE82 /* simple helloUITests.xctest */ = {isa = PBXFileReference; explicitFileType = wrapper.cfbundle; includeInIndex = 0; path = "simple helloUITests.xctest"; sourceTree = BUILT_PRODUCTS_DIR; };
		05DD7AFD1BF7BF5800EDEE82 /* simple_helloUITests.swift */ = {isa = PBXFileReference; lastKnownFileType = sourcecode.swift; path = simple_helloUITests.swift; sourceTree = "<group>"; };
		05DD7AFF1BF7BF5800EDEE82 /* Info.plist */ = {isa = PBXFileReference; lastKnownFileType = text.plist.xml; path = Info.plist; sourceTree = "<group>"; };
/* End PBXFileReference section */

/* Begin PBXFrameworksBuildPhase section */
		05DD7AD71BF7BF5800EDEE82 /* Frameworks */ = {
			isa = PBXFrameworksBuildPhase;
			buildActionMask = 2147483647;
			files = (
			);
			runOnlyForDeploymentPostprocessing = 0;
		};
		05DD7AEB1BF7BF5800EDEE82 /* Frameworks */ = {
			isa = PBXFrameworksBuildPhase;
			buildActionMask = 2147483647;
			files = (
			);
			runOnlyForDeploymentPostprocessing = 0;
		};
		05DD7AF61BF7BF5800EDEE82 /* Frameworks */ = {
			isa = PBXFrameworksBuildPhase;
			buildActionMask = 2147483647;
			files = (
			);
			runOnlyForDeploymentPostprocessing = 0;
		};
/* End PBXFrameworksBuildPhase section */

/* Begin PBXGroup section */
		05DD7AD11BF7BF5800EDEE82 = {
			isa = PBXGroup;
			children = (
				05DD7ADC1BF7BF5800EDEE82 /* simple hello */,
				05DD7AF11BF7BF5800EDEE82 /* simple helloTests */,
				05DD7AFC1BF7BF5800EDEE82 /* simple helloUITests */,
				05DD7ADB1BF7BF5800EDEE82 /* Products */,
			);
			sourceTree = "<group>";
		};
		05DD7ADB1BF7BF5800EDEE82 /* Products */ = {
			isa = PBXGroup;
			children = (
				05DD7ADA1BF7BF5800EDEE82 /* simple hello.app */,
				05DD7AEE1BF7BF5800EDEE82 /* simple helloTests.xctest */,
				05DD7AF91BF7BF5800EDEE82 /* simple helloUITests.xctest */,
			);
			name = Products;
			sourceTree = "<group>";
		};
		05DD7ADC1BF7BF5800EDEE82 /* simple hello */ = {
			isa = PBXGroup;
			children = (
				05DD7ADD1BF7BF5800EDEE82 /* AppDelegate.swift */,
				05DD7ADF1BF7BF5800EDEE82 /* ViewController.swift */,
				05DD7AE11BF7BF5800EDEE82 /* Main.storyboard */,
				05DD7AE41BF7BF5800EDEE82 /* Assets.xcassets */,
				05DD7AE61BF7BF5800EDEE82 /* LaunchScreen.storyboard */,
				05DD7AE91BF7BF5800EDEE82 /* Info.plist */,
			);
			path = "simple hello";
			sourceTree = "<group>";
		};
		05DD7AF11BF7BF5800EDEE82 /* simple helloTests */ = {
			isa = PBXGroup;
			children = (
				05DD7AF21BF7BF5800EDEE82 /* simple_helloTests.swift */,
				05DD7AF41BF7BF5800EDEE82 /* Info.plist */,
			);
			path = "simple helloTests";
			sourceTree = "<group>";
		};
		05DD7AFC1BF7BF5800EDEE82 /* simple helloUITests */ = {
			isa = PBXGroup;
			children = (
				05DD7AFD1BF7BF5800EDEE82 /* simple_helloUITests.swift */,
				05DD7AFF1BF7BF5800EDEE82 /* Info.plist */,
			);
			path = "simple helloUITests";
			sourceTree = "<group>";
		};
/* End PBXGroup section */

/* Begin PBXNativeTarget section */
		05DD7AD91BF7BF5800EDEE82 /* simple hello */ = {
			isa = PBXNativeTarget;
			buildConfigurationList = 05DD7B021BF7BF5800EDEE82 /* Build configuration list for PBXNativeTarget "simple hello" */;
			buildPhases = (
				05DD7AD61BF7BF5800EDEE82 /* Sources */,
				05DD7AD71BF7BF5800EDEE82 /* Frameworks */,
				05DD7AD81BF7BF5800EDEE82 /* Resources */,
			);
			buildRules = (
			);
			dependencies = (
			);
			name = "simple hello";
			productName = "simple hello";
			productReference = 05DD7ADA1BF7BF5800EDEE82 /* simple hello.app */;
			productType = "com.apple.product-type.application";
		};
		05DD7AED1BF7BF5800EDEE82 /* simple helloTests */ = {
			isa = PBXNativeTarget;
			buildConfigurationList = 05DD7B051BF7BF5800EDEE82 /* Build configuration list for PBXNativeTarget "simple helloTests" */;
			buildPhases = (
				05DD7AEA1BF7BF5800EDEE82 /* Sources */,
				05DD7AEB1BF7BF5800EDEE82 /* Frameworks */,
				05DD7AEC1BF7BF5800EDEE82 /* Resources */,
			);
			buildRules = (
			);
			dependencies = (
				05DD7AF01BF7BF5800EDEE82 /* PBXTargetDependency */,
			);
			name = "simple helloTests";
			productName = "simple helloTests";
			productReference = 05DD7AEE1BF7BF5800EDEE82 /* simple helloTests.xctest */;
			productType = "com.apple.product-type.bundle.unit-test";
		};
		05DD7AF81BF7BF5800EDEE82 /* simple helloUITests */ = {
			isa = PBXNativeTarget;
			buildConfigurationList = 05DD7B081BF7BF5800EDEE82 /* Build configuration list for PBXNativeTarget "simple helloUITests" */;
			buildPhases = (
				05DD7AF51BF7BF5800EDEE82 /* Sources */,
				05DD7AF61BF7BF5800EDEE82 /* Frameworks */,
				05DD7AF71BF7BF5800EDEE82 /* Resources */,
			);
			buildRules = (
			);
			dependencies = (
				05DD7AFB1BF7BF5800EDEE82 /* PBXTargetDependency */,
			);
			name = "simple helloUITests";
			productName = "simple helloUITests";
			productReference = 05DD7AF91BF7BF5800EDEE82 /* simple helloUITests.xctest */;
			productType = "com.apple.product-type.bundle.ui-testing";
		};
/* End PBXNativeTarget section */

/* Begin PBXProject section */
		05DD7AD21BF7BF5800EDEE82 /* Project object */ = {
			isa = PBXProject;
			attributes = {
				LastSwiftUpdateCheck = 0710;
				LastUpgradeCheck = 0710;
				ORGANIZATIONNAME = "Nurun Nobi Shamim";
				TargetAttributes = {
					05DD7AD91BF7BF5800EDEE82 = {
						CreatedOnToolsVersion = 7.1.1;
					};
					05DD7AED1BF7BF5800EDEE82 = {
						CreatedOnToolsVersion = 7.1.1;
						TestTargetID = 05DD7AD91BF7BF5800EDEE82;
					};
					05DD7AF81BF7BF5800EDEE82 = {
						CreatedOnToolsVersion = 7.1.1;
						TestTargetID = 05DD7AD91BF7BF5800EDEE82;
					};
				};
			};
			buildConfigurationList = 05DD7AD51BF7BF5800EDEE82 /* Build configuration list for PBXProject "simple hello" */;
			compatibilityVersion = "Xcode 3.2";
			developmentRegion = English;
			hasScannedForEncodings = 0;
			knownRegions = (
				en,
				Base,
			);
			mainGroup = 05DD7AD11BF7BF5800EDEE82;
			productRefGroup = 05DD7ADB1BF7BF5800EDEE82 /* Products */;
			projectDirPath = "";
			projectRoot = "";
			targets = (
				05DD7AD91BF7BF5800EDEE82 /* simple hello */,
				05DD7AED1BF7BF5800EDEE82 /* simple helloTests */,
				05DD7AF81BF7BF5800EDEE82 /* simple helloUITests */,
			);
		};
/* End PBXProject section */

/* Begin PBXResourcesBuildPhase section */
		05DD7AD81BF7BF5800EDEE82 /* Resources */ = {
			isa = PBXResourcesBuildPhase;
			buildActionMask = 2147483647;
			files = (
				05DD7AE81BF7BF5800EDEE82 /* LaunchScreen.storyboard in Resources */,
				05DD7AE51BF7BF5800EDEE82 /* Assets.xcassets in Resources */,
				05DD7AE31BF7BF5800EDEE82 /* Main.storyboard in Resources */,
			);
			runOnlyForDeploymentPostprocessing = 0;
		};
		05DD7AEC1BF7BF5800EDEE82 /* Resources */ = {
			isa = PBXResourcesBuildPhase;
			buildActionMask = 2147483647;
			files = (
			);
			runOnlyForDeploymentPostprocessing = 0;
		};
		05DD7AF71BF7BF5800EDEE82 /* Resources */ = {
			isa = PBXResourcesBuildPhase;
			buildActionMask = 2147483647;
			files = (
			);
			runOnlyForDeploymentPostprocessing = 0;
		};
/* End PBXResourcesBuildPhase section */

/* Begin PBXSourcesBuildPhase section */
		05DD7AD61BF7BF5800EDEE82 /* Sources */ = {
			isa = PBXSourcesBuildPhase;
			buildActionMask = 2147483647;
			files = (
				05DD7AE01BF7BF5800EDEE82 /* ViewController.swift in Sources */,
				05DD7ADE1BF7BF5800EDEE82 /* AppDelegate.swift in Sources */,
			);
			runOnlyForDeploymentPostprocessing = 0;
		};
		05DD7AEA1BF7BF5800EDEE82 /* Sources */ = {
			isa = PBXSourcesBuildPhase;
			buildActionMask = 2147483647;
			files = (
				05DD7AF31BF7BF5800EDEE82 /* simple_helloTests.swift in Sources */,
			);
			runOnlyForDeploymentPostprocessing = 0;
		};
		05DD7AF51BF7BF5800EDEE82 /* Sources */ = {
			isa = PBXSourcesBuildPhase;
			buildActionMask = 2147483647;
			files = (
				05DD7AFE1BF7BF5800EDEE82 /* simple_helloUITests.swift in Sources */,
			);
			runOnlyForDeploymentPostprocessing = 0;
		};
/* End PBXSourcesBuildPhase section */

/* Begin PBXTargetDependency section */
		05DD7AF01BF7BF5800EDEE82 /* PBXTargetDependency */ = {
			isa = PBXTargetDependency;
			target = 05DD7AD91BF7BF5800EDEE82 /* simple hello */;
			targetProxy = 05DD7AEF1BF7BF5800EDEE82 /* PBXContainerItemProxy */;
		};
		05DD7AFB1BF7BF5800EDEE82 /* PBXTargetDependency */ = {
			isa = PBXTargetDependency;
			target = 05DD7AD91BF7BF5800EDEE82 /* simple hello */;
			targetProxy = 05DD7AFA1BF7BF5800EDEE82 /* PBXContainerItemProxy */;
		};
/* End PBXTargetDependency section */

/* Begin PBXVariantGroup section */
		05DD7AE11BF7BF5800EDEE82 /* Main.storyboard */ = {
			isa = PBXVariantGroup;
			children = (
				0599CF521BFDDA4A00386894 /* Base */,
				0599CF541BFDDACE00386894 /* en */,
			);
			name = Main.storyboard;
			sourceTree = "<group>";
		};
		05DD7AE61BF7BF5800EDEE82 /* LaunchScreen.storyboard */ = {
			isa = PBXVariantGroup;
			children = (
				05DD7AE71BF7BF5800EDEE82 /* Base */,
			);
			name = LaunchScreen.storyboard;
			sourceTree = "<group>";
		};
/* End PBXVariantGroup section */

/* Begin XCBuildConfiguration section */
		05DD7B001BF7BF5800EDEE82 /* Debug */ = {
			isa = XCBuildConfiguration;
			buildSettings = {
				ALWAYS_SEARCH_USER_PATHS = NO;
				CLANG_CXX_LANGUAGE_STANDARD = "gnu++0x";
				CLANG_CXX_LIBRARY = "libc++";
				CLANG_ENABLE_MODULES = YES;
				CLANG_ENABLE_OBJC_ARC = YES;
				CLANG_WARN_BOOL_CONVERSION = YES;
				CLANG_WARN_CONSTANT_CONVERSION = YES;
				CLANG_WARN_DIRECT_OBJC_ISA_USAGE = YES_ERROR;
				CLANG_WARN_EMPTY_BODY = YES;
				CLANG_WARN_ENUM_CONVERSION = YES;
				CLANG_WARN_INT_CONVERSION = YES;
				CLANG_WARN_OBJC_ROOT_CLASS = YES_ERROR;
				CLANG_WARN_UNREACHABLE_CODE = YES;
				CLANG_WARN__DUPLICATE_METHOD_MATCH = YES;
				"CODE_SIGN_IDENTITY[sdk=iphoneos*]" = "iPhone Developer";
				COPY_PHASE_STRIP = NO;
				DEBUG_INFORMATION_FORMAT = dwarf;
				ENABLE_STRICT_OBJC_MSGSEND = YES;
				ENABLE_TESTABILITY = YES;
				GCC_C_LANGUAGE_STANDARD = gnu99;
				GCC_DYNAMIC_NO_PIC = NO;
				GCC_NO_COMMON_BLOCKS = YES;
				GCC_OPTIMIZATION_LEVEL = 0;
				GCC_PREPROCESSOR_DEFINITIONS = (
					"DEBUG=1",
					"$(inherited)",
				);
				GCC_WARN_64_TO_32_BIT_CONVERSION = YES;
				GCC_WARN_ABOUT_RETURN_TYPE = YES_ERROR;
				GCC_WARN_UNDECLARED_SELECTOR = YES;
				GCC_WARN_UNINITIALIZED_AUTOS = YES_AGGRESSIVE;
				GCC_WARN_UNUSED_FUNCTION = YES;
				GCC_WARN_UNUSED_VARIABLE = YES;
				IPHONEOS_DEPLOYMENT_TARGET = 9.1;
				MTL_ENABLE_DEBUG_INFO = YES;
				ONLY_ACTIVE_ARCH = YES;
				SDKROOT = iphoneos;
				SWIFT_OPTIMIZATION_LEVEL = "-Onone";
			};
			name = Debug;
		};
		05DD7B011BF7BF5800EDEE82 /* Release */ = {
			isa = XCBuildConfiguration;
			buildSettings = {
				ALWAYS_SEARCH_USER_PATHS = NO;
				CLANG_CXX_LANGUAGE_STANDARD = "gnu++0x";
				CLANG_CXX_LIBRARY = "libc++";
				CLANG_ENABLE_MODULES = YES;
				CLANG_ENABLE_OBJC_ARC = YES;
				CLANG_WARN_BOOL_CONVERSION = YES;
				CLANG_WARN_CONSTANT_CONVERSION = YES;
				CLANG_WARN_DIRECT_OBJC_ISA_USAGE = YES_ERROR;
				CLANG_WARN_EMPTY_BODY = YES;
				CLANG_WARN_ENUM_CONVERSION = YES;
				CLANG_WARN_INT_CONVERSION = YES;
				CLANG_WARN_OBJC_ROOT_CLASS = YES_ERROR;
				CLANG_WARN_UNREACHABLE_CODE = YES;
				CLANG_WARN__DUPLICATE_METHOD_MATCH = YES;
				"CODE_SIGN_IDENTITY[sdk=iphoneos*]" = "iPhone Developer";
				COPY_PHASE_STRIP = NO;
				DEBUG_INFORMATION_FORMAT = "dwarf-with-dsym";
				ENABLE_NS_ASSERTIONS = NO;
				ENABLE_STRICT_OBJC_MSGSEND = YES;
				GCC_C_LANGUAGE_STANDARD = gnu99;
				GCC_NO_COMMON_BLOCKS = YES;
				GCC_WARN_64_TO_32_BIT_CONVERSION = YES;
				GCC_WARN_ABOUT_RETURN_TYPE = YES_ERROR;
				GCC_WARN_UNDECLARED_SELECTOR = YES;
				GCC_WARN_UNINITIALIZED_AUTOS = YES_AGGRESSIVE;
				GCC_WARN_UNUSED_FUNCTION = YES;
				GCC_WARN_UNUSED_VARIABLE = YES;
				IPHONEOS_DEPLOYMENT_TARGET = 9.1;
				MTL_ENABLE_DEBUG_INFO = NO;
				SDKROOT = iphoneos;
				VALIDATE_PRODUCT = YES;
			};
			name = Release;
		};
		05DD7B031BF7BF5800EDEE82 /* Debug */ = {
			isa = XCBuildConfiguration;
			buildSettings = {
				ASSETCATALOG_COMPILER_APPICON_NAME = AppIcon;
				INFOPLIST_FILE = "simple hello/Info.plist";
				LD_RUNPATH_SEARCH_PATHS = "$(inherited) @executable_path/Frameworks";
				PRODUCT_BUNDLE_IDENTIFIER = "me.shamim.simple-hello";
				PRODUCT_NAME = "$(TARGET_NAME)";
			};
			name = Debug;
		};
		05DD7B041BF7BF5800EDEE82 /* Release */ = {
			isa = XCBuildConfiguration;
			buildSettings = {
				ASSETCATALOG_COMPILER_APPICON_NAME = AppIcon;
				INFOPLIST_FILE = "simple hello/Info.plist";
				LD_RUNPATH_SEARCH_PATHS = "$(inherited) @executable_path/Frameworks";
				PRODUCT_BUNDLE_IDENTIFIER = "me.shamim.simple-hello";
				PRODUCT_NAME = "$(TARGET_NAME)";
			};
			name = Release;
		};
		05DD7B061BF7BF5800EDEE82 /* Debug */ = {
			isa = XCBuildConfiguration;
			buildSettings = {
				BUNDLE_LOADER = "$(TEST_HOST)";
				INFOPLIST_FILE = "simple helloTests/Info.plist";
				LD_RUNPATH_SEARCH_PATHS = "$(inherited) @executable_path/Frameworks @loader_path/Frameworks";
				PRODUCT_BUNDLE_IDENTIFIER = "me.shamim.simple-helloTests";
				PRODUCT_NAME = "$(TARGET_NAME)";
				TEST_HOST = "$(BUILT_PRODUCTS_DIR)/simple hello.app/simple hello";
			};
			name = Debug;
		};
		05DD7B071BF7BF5800EDEE82 /* Release */ = {
			isa = XCBuildConfiguration;
			buildSettings = {
				BUNDLE_LOADER = "$(TEST_HOST)";
				INFOPLIST_FILE = "simple helloTests/Info.plist";
				LD_RUNPATH_SEARCH_PATHS = "$(inherited) @executable_path/Frameworks @loader_path/Frameworks";
				PRODUCT_BUNDLE_IDENTIFIER = "me.shamim.simple-helloTests";
				PRODUCT_NAME = "$(TARGET_NAME)";
				TEST_HOST = "$(BUILT_PRODUCTS_DIR)/simple hello.app/simple hello";
			};
			name = Release;
		};
		05DD7B091BF7BF5800EDEE82 /* Debug */ = {
			isa = XCBuildConfiguration;
			buildSettings = {
				INFOPLIST_FILE = "simple helloUITests/Info.plist";
				LD_RUNPATH_SEARCH_PATHS = "$(inherited) @executable_path/Frameworks @loader_path/Frameworks";
				PRODUCT_BUNDLE_IDENTIFIER = "me.shamim.simple-helloUITests";
				PRODUCT_NAME = "$(TARGET_NAME)";
				TEST_TARGET_NAME = "simple hello";
				USES_XCTRUNNER = YES;
			};
			name = Debug;
		};
		05DD7B0A1BF7BF5800EDEE82 /* Release */ = {
			isa = XCBuildConfiguration;
			buildSettings = {
				INFOPLIST_FILE = "simple helloUITests/Info.plist";
				LD_RUNPATH_SEARCH_PATHS = "$(inherited) @executable_path/Frameworks @loader_path/Frameworks";
				PRODUCT_BUNDLE_IDENTIFIER = "me.shamim.simple-helloUITests";
				PRODUCT_NAME = "$(TARGET_NAME)";
				TEST_TARGET_NAME = "simple hello";
				USES_XCTRUNNER = YES;
			};
			name = Release;
		};
/* End XCBuildConfiguration section */

/* Begin XCConfigurationList section */
		05DD7AD51BF7BF5800EDEE82 /* Build configuration list for PBXProject "simple hello" */ = {
			isa = XCConfigurationList;
			buildConfigurations = (
				05DD7B001BF7BF5800EDEE82 /* Debug */,
				05DD7B011BF7BF5800EDEE82 /* Release */,
			);
			defaultConfigurationIsVisible = 0;
			defaultConfigurationName = Release;
		};
		05DD7B021BF7BF5800EDEE82 /* Build configuration list for PBXNativeTarget "simple hello" */ = {
			isa = XCConfigurationList;
			buildConfigurations = (
				05DD7B031BF7BF5800EDEE82 /* Debug */,
				05DD7B041BF7BF5800EDEE82 /* Release */,
			);
			defaultConfigurationIsVisible = 0;
			defaultConfigurationName = Release;
		};
		05DD7B051BF7BF5800EDEE82 /* Build configuration list for PBXNativeTarget "simple helloTests" */ = {
			isa = XCConfigurationList;
			buildConfigurations = (
				05DD7B061BF7BF5800EDEE82 /* Debug */,
				05DD7B071BF7BF5800EDEE82 /* Release */,
			);
			defaultConfigurationIsVisible = 0;
			defaultConfigurationName = Release;
		};
		05DD7B081BF7BF5800EDEE82 /* Build configuration list for PBXNativeTarget "simple helloUITests" */ = {
			isa = XCConfigurationList;
			buildConfigurations = (
				05DD7B091BF7BF5800EDEE82 /* Debug */,
				05DD7B0A1BF7BF5800EDEE82 /* Release */,
			);
			defaultConfigurationIsVisible = 0;
			defaultConfigurationName = Release;
		};
/* End XCConfigurationList section */
	};
	rootObject = 05DD7AD21BF7BF5800EDEE82 /* Project object */;
}
